
Microsoft Visual Studio Solution File, Format Version 12.00
# Visual Studio Version 17
VisualStudioVersion = 17.7.34221.43
MinimumVisualStudioVersion = 10.0.40219.1
Project("{FAE04EC0-301F-11D3-BF4B-00C04F79EFBC}") = "Projekt - Zooloski vrt", "Projekt - Zooloski vrt\Projekt - Zooloski vrt.csproj", "{AC11ADAC-F835-46F1-8D88-9BFC4FC625BF}"
EndProject
Global
	GlobalSection(SolutionConfigurationPlatforms) = preSolution
		Debug|Any CPU = Debug|Any CPU
		Release|Any CPU = Release|Any CPU
	EndGlobalSection
	GlobalSection(ProjectConfigurationPlatforms) = postSolution
		{AC11ADAC-F835-46F1-8D88-9BFC4FC625BF}.Debug|Any CPU.ActiveCfg = Debug|Any CPU
		{AC11ADAC-F835-46F1-8D88-9BFC4FC625BF}.Debug|Any CPU.Build.0 = Debug|Any CPU
		{AC11ADAC-F835-46F1-8D88-9BFC4FC625BF}.Release|Any CPU.ActiveCfg = Release|Any CPU
		{AC11ADAC-F835-46F1-8D88-9BFC4FC625BF}.Release|Any CPU.Build.0 = Release|Any CPU
	EndGlobalSection
	GlobalSection(SolutionProperties) = preSolution
		HideSolutionNode = FALSE
	EndGlobalSection
	GlobalSection(ExtensibilityGlobals) = postSolution
		SolutionGuid = {A90A56AE-E10E-40B9-8E31-DF3FE0345670}
	EndGlobalSection
EndGlobal
